
Microsoft Visual Studio Solution File, Format Version 12.00
# Visual Studio Version 16
VisualStudioVersion = 16.0.30114.105
MinimumVisualStudioVersion = 10.0.40219.1
Project("{FAE04EC0-301F-11D3-BF4B-00C04F79EFBC}") = "Hotel.Domain", "Hotel.Domain\Hotel.Domain.csproj", "{4C208424-3279-4F8A-AA23-9D22EABA55A9}"
EndProject
Project("{FAE04EC0-301F-11D3-BF4B-00C04F79EFBC}") = "Hotel.Domain.Api", "Hotel.Domain.Api\Hotel.Domain.Api.csproj", "{58D76D23-14A8-4109-9F04-33908F7BE261}"
EndProject
Project("{FAE04EC0-301F-11D3-BF4B-00C04F79EFBC}") = "Hotel.Domain.Infra", "Hotel.Domain.Infra\Hotel.Domain.Infra.csproj", "{70ED875F-F411-4CCA-84DC-EC269F4E35F7}"
EndProject
Project("{FAE04EC0-301F-11D3-BF4B-00C04F79EFBC}") = "Hotel.Domain.Tests", "Hotel.Domain.Tests\Hotel.Domain.Tests.csproj", "{F109BC6F-864C-4BB4-8C46-0C9529926E7E}"
EndProject
Global
	GlobalSection(SolutionConfigurationPlatforms) = preSolution
		Debug|Any CPU = Debug|Any CPU
		Release|Any CPU = Release|Any CPU
	EndGlobalSection
	GlobalSection(SolutionProperties) = preSolution
		HideSolutionNode = FALSE
	EndGlobalSection
	GlobalSection(ProjectConfigurationPlatforms) = postSolution
		{4C208424-3279-4F8A-AA23-9D22EABA55A9}.Debug|Any CPU.ActiveCfg = Debug|Any CPU
		{4C208424-3279-4F8A-AA23-9D22EABA55A9}.Debug|Any CPU.Build.0 = Debug|Any CPU
		{4C208424-3279-4F8A-AA23-9D22EABA55A9}.Release|Any CPU.ActiveCfg = Release|Any CPU
		{4C208424-3279-4F8A-AA23-9D22EABA55A9}.Release|Any CPU.Build.0 = Release|Any CPU
		{58D76D23-14A8-4109-9F04-33908F7BE261}.Debug|Any CPU.ActiveCfg = Debug|Any CPU
		{58D76D23-14A8-4109-9F04-33908F7BE261}.Debug|Any CPU.Build.0 = Debug|Any CPU
		{58D76D23-14A8-4109-9F04-33908F7BE261}.Release|Any CPU.ActiveCfg = Release|Any CPU
		{58D76D23-14A8-4109-9F04-33908F7BE261}.Release|Any CPU.Build.0 = Release|Any CPU
		{70ED875F-F411-4CCA-84DC-EC269F4E35F7}.Debug|Any CPU.ActiveCfg = Debug|Any CPU
		{70ED875F-F411-4CCA-84DC-EC269F4E35F7}.Debug|Any CPU.Build.0 = Debug|Any CPU
		{70ED875F-F411-4CCA-84DC-EC269F4E35F7}.Release|Any CPU.ActiveCfg = Release|Any CPU
		{70ED875F-F411-4CCA-84DC-EC269F4E35F7}.Release|Any CPU.Build.0 = Release|Any CPU
		{F109BC6F-864C-4BB4-8C46-0C9529926E7E}.Debug|Any CPU.ActiveCfg = Debug|Any CPU
		{F109BC6F-864C-4BB4-8C46-0C9529926E7E}.Debug|Any CPU.Build.0 = Debug|Any CPU
		{F109BC6F-864C-4BB4-8C46-0C9529926E7E}.Release|Any CPU.ActiveCfg = Release|Any CPU
		{F109BC6F-864C-4BB4-8C46-0C9529926E7E}.Release|Any CPU.Build.0 = Release|Any CPU
	EndGlobalSection
EndGlobal
